
Microsoft Visual Studio Solution File, Format Version 12.00
Project("{FAE04EC0-301F-11D3-BF4B-00C04F79EFBC}") = "AJL", "AJL\AJL.csproj", "{7EC4C082-7F12-42AB-A008-96DCA3527D6A}"
EndProject
Project("{FAE04EC0-301F-11D3-BF4B-00C04F79EFBC}") = "AJL.Tests", "..\tests\AJL.Tests\AJL.Tests.csproj", "{0C3073C8-1699-436C-AE7D-9F6B468CEBB2}"
EndProject
Global
	GlobalSection(SolutionConfigurationPlatforms) = preSolution
		Debug|Any CPU = Debug|Any CPU
		Release|Any CPU = Release|Any CPU
	EndGlobalSection
	GlobalSection(ProjectConfigurationPlatforms) = postSolution
		{7EC4C082-7F12-42AB-A008-96DCA3527D6A}.Debug|Any CPU.ActiveCfg = Debug|Any CPU
		{7EC4C082-7F12-42AB-A008-96DCA3527D6A}.Debug|Any CPU.Build.0 = Debug|Any CPU
		{7EC4C082-7F12-42AB-A008-96DCA3527D6A}.Release|Any CPU.ActiveCfg = Release|Any CPU
		{7EC4C082-7F12-42AB-A008-96DCA3527D6A}.Release|Any CPU.Build.0 = Release|Any CPU
		{0C3073C8-1699-436C-AE7D-9F6B468CEBB2}.Debug|Any CPU.ActiveCfg = Debug|Any CPU
		{0C3073C8-1699-436C-AE7D-9F6B468CEBB2}.Debug|Any CPU.Build.0 = Debug|Any CPU
		{0C3073C8-1699-436C-AE7D-9F6B468CEBB2}.Release|Any CPU.ActiveCfg = Release|Any CPU
		{0C3073C8-1699-436C-AE7D-9F6B468CEBB2}.Release|Any CPU.Build.0 = Release|Any CPU
	EndGlobalSection
EndGlobal
