
Microsoft Visual Studio Solution File, Format Version 12.00
Project("{FAE04EC0-301F-11D3-BF4B-00C04F79EFBC}") = "AnotherJsonLib", "AnotherJsonLib\AnotherJsonLib.csproj", "{7EC4C082-7F12-42AB-A008-96DCA3527D6A}"
EndProject
Project("{FAE04EC0-301F-11D3-BF4B-00C04F79EFBC}") = "AnotherJsonLib.Tests", "..\tests\AnotherJsonLib.Tests\AnotherJsonLib.Tests.csproj", "{0C3073C8-1699-436C-AE7D-9F6B468CEBB2}"
EndProject
Project("{2150E333-8FDC-42A3-9474-1A3956D46DE8}") = "SolutionItems", "SolutionItems", "{EDE2F5C3-32DF-43A3-B965-8187F5FC700C}"
	ProjectSection(SolutionItems) = preProject
		..\README.md = ..\README.md
		..\.github\workflows\build-test.yaml = ..\.github\workflows\build-test.yaml
		..\.github\workflows\pack.yml = ..\.github\workflows\pack.yml
		..\.github\workflows\pr-checks.yml = ..\.github\workflows\pr-checks.yml
		..\docs\JsonComparison.md = ..\docs\JsonComparison.md
		..\docs\JsonCompression.md = ..\docs\JsonCompression.md
		..\docs\JsonElementUtilities.md = ..\docs\JsonElementUtilities.md
		..\docs\JsonFormatting.md = ..\docs\JsonFormatting.md
		..\docs\JsonOperations.md = ..\docs\JsonOperations.md
		..\docs\JsonSchemaValidation.md = ..\docs\JsonSchemaValidation.md
		..\docs\JsonSecurity.md = ..\docs\JsonSecurity.md
		..\docs\JsonSerialization.md = ..\docs\JsonSerialization.md
		..\docs\JsonTransformation.md = ..\docs\JsonTransformation.md
	EndProjectSection
EndProject
Global
	GlobalSection(SolutionConfigurationPlatforms) = preSolution
		Debug|Any CPU = Debug|Any CPU
		Release|Any CPU = Release|Any CPU
	EndGlobalSection
	GlobalSection(ProjectConfigurationPlatforms) = postSolution
		{7EC4C082-7F12-42AB-A008-96DCA3527D6A}.Debug|Any CPU.ActiveCfg = Debug|Any CPU
		{7EC4C082-7F12-42AB-A008-96DCA3527D6A}.Debug|Any CPU.Build.0 = Debug|Any CPU
		{7EC4C082-7F12-42AB-A008-96DCA3527D6A}.Release|Any CPU.ActiveCfg = Release|Any CPU
		{7EC4C082-7F12-42AB-A008-96DCA3527D6A}.Release|Any CPU.Build.0 = Release|Any CPU
		{0C3073C8-1699-436C-AE7D-9F6B468CEBB2}.Debug|Any CPU.ActiveCfg = Debug|Any CPU
		{0C3073C8-1699-436C-AE7D-9F6B468CEBB2}.Debug|Any CPU.Build.0 = Debug|Any CPU
		{0C3073C8-1699-436C-AE7D-9F6B468CEBB2}.Release|Any CPU.ActiveCfg = Release|Any CPU
		{0C3073C8-1699-436C-AE7D-9F6B468CEBB2}.Release|Any CPU.Build.0 = Release|Any CPU
	EndGlobalSection
EndGlobal
